# This file is autogenerated, do not edit; changes may be undone by the next 'dep ensure'.


[[projects]]
  name = "github.com/tanyfx/pkgd"
  packages = ["."]
  revision = "05125ca04c87ef44d60d9beaa1eb0052bed60716"
  version = "v1.3.2"

[solve-meta]
  analyzer-name = "dep"
  analyzer-version = 1
  inputs-digest = "3327581c16177ee4b4bb699fc14c9526841e9f398e8e4e742ca35876efb11ef1"
  solver-name = "gps-cdcl"
  solver-version = 1
