# This file is autogenerated, do not edit; changes may be undone by the next 'dep ensure'.


[[projects]]
  name = "github.com/tanyfx/pkgd"
  packages = ["."]
  revision = "05125ca04c87ef44d60d9beaa1eb0052bed60716"
  version = "v1.3.2"

[solve-meta]
  analyzer-name = "dep"
  analyzer-version = 1
  inputs-digest = "a9761364a145ef8ce5b0883d761d5bee23aaa4131e5e57f92e56eb679b968920"
  solver-name = "gps-cdcl"
  solver-version = 1
