# This file is autogenerated, do not edit; changes may be undone by the next 'dep ensure'.


[[projects]]
  name = "github.com/tanyfx/pkgd"
  packages = ["."]
  revision = "ead5fe522bd185bd5ba8e68c63281e81ec9adcc1"

[solve-meta]
  analyzer-name = "dep"
  analyzer-version = 1
  inputs-digest = "a7142a554ef9d40922ad932441e3d698eb36b324ff3296d235dc13f5dcffb1ac"
  solver-name = "gps-cdcl"
  solver-version = 1
